// !$*UTF8*$!
{
	archiveVersion = 1;
	classes = {
	};
	objectVersion = 46;
	objects = {

/* Begin PBXBuildFile section */
		BB1037FA1838462400A9DE84 /* RequestLocationViewController.m in Sources */ = {isa = PBXBuildFile; fileRef = BB1037F91838462400A9DE84 /* RequestLocationViewController.m */; };
		BB1037FD18384C0D00A9DE84 /* RequestActivityViewController.m in Sources */ = {isa = PBXBuildFile; fileRef = BB1037FC18384C0D00A9DE84 /* RequestActivityViewController.m */; };
		BB10380018384C7400A9DE84 /* RequestDetailsViewController.m in Sources */ = {isa = PBXBuildFile; fileRef = BB1037FF18384C7400A9DE84 /* RequestDetailsViewController.m */; };
		BB8C841918381DE700E38983 /* Foundation.framework in Frameworks */ = {isa = PBXBuildFile; fileRef = BB8C841818381DE700E38983 /* Foundation.framework */; };
		BB8C841B18381DE700E38983 /* CoreGraphics.framework in Frameworks */ = {isa = PBXBuildFile; fileRef = BB8C841A18381DE700E38983 /* CoreGraphics.framework */; };
		BB8C841D18381DE700E38983 /* UIKit.framework in Frameworks */ = {isa = PBXBuildFile; fileRef = BB8C841C18381DE700E38983 /* UIKit.framework */; };
		BB8C842318381DE700E38983 /* InfoPlist.strings in Resources */ = {isa = PBXBuildFile; fileRef = BB8C842118381DE700E38983 /* InfoPlist.strings */; };
		BB8C842518381DE700E38983 /* main.m in Sources */ = {isa = PBXBuildFile; fileRef = BB8C842418381DE700E38983 /* main.m */; };
		BB8C842918381DE700E38983 /* AppDelegate.m in Sources */ = {isa = PBXBuildFile; fileRef = BB8C842818381DE700E38983 /* AppDelegate.m */; };
		BB8C842C18381DE700E38983 /* Main_iPhone.storyboard in Resources */ = {isa = PBXBuildFile; fileRef = BB8C842A18381DE700E38983 /* Main_iPhone.storyboard */; };
		BB8C842F18381DE700E38983 /* Main_iPad.storyboard in Resources */ = {isa = PBXBuildFile; fileRef = BB8C842D18381DE700E38983 /* Main_iPad.storyboard */; };
		BB8C843518381DE700E38983 /* OffersViewController.m in Sources */ = {isa = PBXBuildFile; fileRef = BB8C843418381DE700E38983 /* OffersViewController.m */; };
		BB8C843718381DE700E38983 /* Images.xcassets in Resources */ = {isa = PBXBuildFile; fileRef = BB8C843618381DE700E38983 /* Images.xcassets */; };
		BB8C843E18381DE700E38983 /* XCTest.framework in Frameworks */ = {isa = PBXBuildFile; fileRef = BB8C843D18381DE700E38983 /* XCTest.framework */; };
		BB8C843F18381DE700E38983 /* Foundation.framework in Frameworks */ = {isa = PBXBuildFile; fileRef = BB8C841818381DE700E38983 /* Foundation.framework */; };
		BB8C844018381DE700E38983 /* UIKit.framework in Frameworks */ = {isa = PBXBuildFile; fileRef = BB8C841C18381DE700E38983 /* UIKit.framework */; };
		BB8C844818381DE700E38983 /* InfoPlist.strings in Resources */ = {isa = PBXBuildFile; fileRef = BB8C844618381DE700E38983 /* InfoPlist.strings */; };
		BB8C844A18381DE700E38983 /* PunchQuestAppTests.m in Sources */ = {isa = PBXBuildFile; fileRef = BB8C844918381DE700E38983 /* PunchQuestAppTests.m */; };
		BB94922C1838671E00CF453B /* libRestKit.a in Frameworks */ = {isa = PBXBuildFile; fileRef = BB949224183866EC00CF453B /* libRestKit.a */; };
		BB950567183868E70050CB28 /* CoreData.framework in Frameworks */ = {isa = PBXBuildFile; fileRef = BB94920F1838610400CF453B /* CoreData.framework */; };
		BB950568183868F90050CB28 /* CFNetwork.framework in Frameworks */ = {isa = PBXBuildFile; fileRef = BB94920D183860FB00CF453B /* CFNetwork.framework */; };
		BB950569183869020050CB28 /* MobileCoreServices.framework in Frameworks */ = {isa = PBXBuildFile; fileRef = BB9492131838612400CF453B /* MobileCoreServices.framework */; };
		BB95056A1838690B0050CB28 /* Security.framework in Frameworks */ = {isa = PBXBuildFile; fileRef = BB9492171838615800CF453B /* Security.framework */; };
		BB95056B183869130050CB28 /* SystemConfiguration.framework in Frameworks */ = {isa = PBXBuildFile; fileRef = BB9492191838616300CF453B /* SystemConfiguration.framework */; };
		F1BEEFF118387384006EAAEB /* User.m in Sources */ = {isa = PBXBuildFile; fileRef = F1BEEFF018387384006EAAEB /* User.m */; };
		F1BEEFF4183884FB006EAAEB /* Location.xcdatamodeld in Sources */ = {isa = PBXBuildFile; fileRef = F1BEEFF2183884FB006EAAEB /* Location.xcdatamodeld */; };
/* End PBXBuildFile section */

/* Begin PBXContainerItemProxy section */
		BB8C844118381DE700E38983 /* PBXContainerItemProxy */ = {
			isa = PBXContainerItemProxy;
			containerPortal = BB8C840D18381DE700E38983 /* Project object */;
			proxyType = 1;
			remoteGlobalIDString = BB8C841418381DE700E38983;
			remoteInfo = PunchQuestApp;
		};
		BB949223183866EC00CF453B /* PBXContainerItemProxy */ = {
			isa = PBXContainerItemProxy;
			containerPortal = BB9491FB18385FA700CF453B /* RestKit.xcodeproj */;
			proxyType = 2;
			remoteGlobalIDString = 25160D1614564E810060A5C5;
			remoteInfo = RestKit;
		};
		BB949225183866EC00CF453B /* PBXContainerItemProxy */ = {
			isa = PBXContainerItemProxy;
			containerPortal = BB9491FB18385FA700CF453B /* RestKit.xcodeproj */;
			proxyType = 2;
			remoteGlobalIDString = 25160D2614564E820060A5C5;
			remoteInfo = RestKitTests;
		};
		BB949227183866EC00CF453B /* PBXContainerItemProxy */ = {
			isa = PBXContainerItemProxy;
			containerPortal = BB9491FB18385FA700CF453B /* RestKit.xcodeproj */;
			proxyType = 2;
			remoteGlobalIDString = 25160E62145651060060A5C5;
			remoteInfo = RestKitFramework;
		};
		BB949229183866EC00CF453B /* PBXContainerItemProxy */ = {
			isa = PBXContainerItemProxy;
			containerPortal = BB9491FB18385FA700CF453B /* RestKit.xcodeproj */;
			proxyType = 2;
			remoteGlobalIDString = 25160E78145651060060A5C5;
			remoteInfo = RestKitFrameworkTests;
		};
		BB94922D1838685200CF453B /* PBXContainerItemProxy */ = {
			isa = PBXContainerItemProxy;
			containerPortal = BB9491FB18385FA700CF453B /* RestKit.xcodeproj */;
			proxyType = 1;
			remoteGlobalIDString = 25160D1514564E810060A5C5;
			remoteInfo = RestKit;
		};
/* End PBXContainerItemProxy section */

/* Begin PBXFileReference section */
		BB1037F81838462400A9DE84 /* RequestLocationViewController.h */ = {isa = PBXFileReference; fileEncoding = 4; lastKnownFileType = sourcecode.c.h; path = RequestLocationViewController.h; sourceTree = "<group>"; };
		BB1037F91838462400A9DE84 /* RequestLocationViewController.m */ = {isa = PBXFileReference; fileEncoding = 4; lastKnownFileType = sourcecode.c.objc; path = RequestLocationViewController.m; sourceTree = "<group>"; };
		BB1037FB18384C0D00A9DE84 /* RequestActivityViewController.h */ = {isa = PBXFileReference; fileEncoding = 4; lastKnownFileType = sourcecode.c.h; path = RequestActivityViewController.h; sourceTree = "<group>"; };
		BB1037FC18384C0D00A9DE84 /* RequestActivityViewController.m */ = {isa = PBXFileReference; fileEncoding = 4; lastKnownFileType = sourcecode.c.objc; path = RequestActivityViewController.m; sourceTree = "<group>"; };
		BB1037FE18384C7400A9DE84 /* RequestDetailsViewController.h */ = {isa = PBXFileReference; fileEncoding = 4; lastKnownFileType = sourcecode.c.h; path = RequestDetailsViewController.h; sourceTree = "<group>"; };
		BB1037FF18384C7400A9DE84 /* RequestDetailsViewController.m */ = {isa = PBXFileReference; fileEncoding = 4; lastKnownFileType = sourcecode.c.objc; path = RequestDetailsViewController.m; sourceTree = "<group>"; };
		BB8C841518381DE700E38983 /* PunchQuestApp.app */ = {isa = PBXFileReference; explicitFileType = wrapper.application; includeInIndex = 0; path = PunchQuestApp.app; sourceTree = BUILT_PRODUCTS_DIR; };
		BB8C841818381DE700E38983 /* Foundation.framework */ = {isa = PBXFileReference; lastKnownFileType = wrapper.framework; name = Foundation.framework; path = System/Library/Frameworks/Foundation.framework; sourceTree = SDKROOT; };
		BB8C841A18381DE700E38983 /* CoreGraphics.framework */ = {isa = PBXFileReference; lastKnownFileType = wrapper.framework; name = CoreGraphics.framework; path = System/Library/Frameworks/CoreGraphics.framework; sourceTree = SDKROOT; };
		BB8C841C18381DE700E38983 /* UIKit.framework */ = {isa = PBXFileReference; lastKnownFileType = wrapper.framework; name = UIKit.framework; path = System/Library/Frameworks/UIKit.framework; sourceTree = SDKROOT; };
		BB8C842018381DE700E38983 /* PunchQuestApp-Info.plist */ = {isa = PBXFileReference; lastKnownFileType = text.plist.xml; path = "PunchQuestApp-Info.plist"; sourceTree = "<group>"; };
		BB8C842218381DE700E38983 /* en */ = {isa = PBXFileReference; lastKnownFileType = text.plist.strings; name = en; path = en.lproj/InfoPlist.strings; sourceTree = "<group>"; };
		BB8C842418381DE700E38983 /* main.m */ = {isa = PBXFileReference; lastKnownFileType = sourcecode.c.objc; path = main.m; sourceTree = "<group>"; };
		BB8C842618381DE700E38983 /* PunchQuestApp-Prefix.pch */ = {isa = PBXFileReference; lastKnownFileType = sourcecode.c.h; path = "PunchQuestApp-Prefix.pch"; sourceTree = "<group>"; };
		BB8C842718381DE700E38983 /* AppDelegate.h */ = {isa = PBXFileReference; lastKnownFileType = sourcecode.c.h; path = AppDelegate.h; sourceTree = "<group>"; };
		BB8C842818381DE700E38983 /* AppDelegate.m */ = {isa = PBXFileReference; lastKnownFileType = sourcecode.c.objc; path = AppDelegate.m; sourceTree = "<group>"; };
		BB8C842B18381DE700E38983 /* Base */ = {isa = PBXFileReference; lastKnownFileType = file.storyboard; name = Base; path = Base.lproj/Main_iPhone.storyboard; sourceTree = "<group>"; };
		BB8C842E18381DE700E38983 /* Base */ = {isa = PBXFileReference; lastKnownFileType = file.storyboard; name = Base; path = Base.lproj/Main_iPad.storyboard; sourceTree = "<group>"; };
		BB8C843318381DE700E38983 /* OffersViewController.h */ = {isa = PBXFileReference; lastKnownFileType = sourcecode.c.h; path = OffersViewController.h; sourceTree = "<group>"; };
		BB8C843418381DE700E38983 /* OffersViewController.m */ = {isa = PBXFileReference; lastKnownFileType = sourcecode.c.objc; path = OffersViewController.m; sourceTree = "<group>"; };
		BB8C843618381DE700E38983 /* Images.xcassets */ = {isa = PBXFileReference; lastKnownFileType = folder.assetcatalog; path = Images.xcassets; sourceTree = "<group>"; };
		BB8C843C18381DE700E38983 /* PunchQuestAppTests.xctest */ = {isa = PBXFileReference; explicitFileType = wrapper.cfbundle; includeInIndex = 0; path = PunchQuestAppTests.xctest; sourceTree = BUILT_PRODUCTS_DIR; };
		BB8C843D18381DE700E38983 /* XCTest.framework */ = {isa = PBXFileReference; lastKnownFileType = wrapper.framework; name = XCTest.framework; path = Library/Frameworks/XCTest.framework; sourceTree = DEVELOPER_DIR; };
		BB8C844518381DE700E38983 /* PunchQuestAppTests-Info.plist */ = {isa = PBXFileReference; lastKnownFileType = text.plist.xml; path = "PunchQuestAppTests-Info.plist"; sourceTree = "<group>"; };
		BB8C844718381DE700E38983 /* en */ = {isa = PBXFileReference; lastKnownFileType = text.plist.strings; name = en; path = en.lproj/InfoPlist.strings; sourceTree = "<group>"; };
		BB8C844918381DE700E38983 /* PunchQuestAppTests.m */ = {isa = PBXFileReference; lastKnownFileType = sourcecode.c.objc; path = PunchQuestAppTests.m; sourceTree = "<group>"; };
		BB9491FB18385FA700CF453B /* RestKit.xcodeproj */ = {isa = PBXFileReference; lastKnownFileType = "wrapper.pb-project"; name = RestKit.xcodeproj; path = "Libraries/RestKit-0.20.3/RestKit.xcodeproj"; sourceTree = "<group>"; };
		BB94920D183860FB00CF453B /* CFNetwork.framework */ = {isa = PBXFileReference; lastKnownFileType = wrapper.framework; name = CFNetwork.framework; path = System/Library/Frameworks/CFNetwork.framework; sourceTree = SDKROOT; };
		BB94920F1838610400CF453B /* CoreData.framework */ = {isa = PBXFileReference; lastKnownFileType = wrapper.framework; name = CoreData.framework; path = System/Library/Frameworks/CoreData.framework; sourceTree = SDKROOT; };
		BB9492111838611700CF453B /* libxml2.dylib */ = {isa = PBXFileReference; lastKnownFileType = "compiled.mach-o.dylib"; name = libxml2.dylib; path = usr/lib/libxml2.dylib; sourceTree = SDKROOT; };
		BB9492131838612400CF453B /* MobileCoreServices.framework */ = {isa = PBXFileReference; lastKnownFileType = wrapper.framework; name = MobileCoreServices.framework; path = System/Library/Frameworks/MobileCoreServices.framework; sourceTree = SDKROOT; };
		BB9492151838612F00CF453B /* QuartzCore.framework */ = {isa = PBXFileReference; lastKnownFileType = wrapper.framework; name = QuartzCore.framework; path = System/Library/Frameworks/QuartzCore.framework; sourceTree = SDKROOT; };
		BB9492171838615800CF453B /* Security.framework */ = {isa = PBXFileReference; lastKnownFileType = wrapper.framework; name = Security.framework; path = System/Library/Frameworks/Security.framework; sourceTree = SDKROOT; };
		BB9492191838616300CF453B /* SystemConfiguration.framework */ = {isa = PBXFileReference; lastKnownFileType = wrapper.framework; name = SystemConfiguration.framework; path = System/Library/Frameworks/SystemConfiguration.framework; sourceTree = SDKROOT; };
		F1BEEFEF18387384006EAAEB /* User.h */ = {isa = PBXFileReference; fileEncoding = 4; lastKnownFileType = sourcecode.c.h; path = User.h; sourceTree = "<group>"; };
		F1BEEFF018387384006EAAEB /* User.m */ = {isa = PBXFileReference; fileEncoding = 4; lastKnownFileType = sourcecode.c.objc; path = User.m; sourceTree = "<group>"; };
		F1BEEFF3183884FB006EAAEB /* Location.xcdatamodel */ = {isa = PBXFileReference; lastKnownFileType = wrapper.xcdatamodel; path = Location.xcdatamodel; sourceTree = "<group>"; };
/* End PBXFileReference section */

/* Begin PBXFrameworksBuildPhase section */
		BB8C841218381DE700E38983 /* Frameworks */ = {
			isa = PBXFrameworksBuildPhase;
			buildActionMask = 2147483647;
			files = (
				BB95056B183869130050CB28 /* SystemConfiguration.framework in Frameworks */,
				BB95056A1838690B0050CB28 /* Security.framework in Frameworks */,
				BB950569183869020050CB28 /* MobileCoreServices.framework in Frameworks */,
				BB950568183868F90050CB28 /* CFNetwork.framework in Frameworks */,
				BB950567183868E70050CB28 /* CoreData.framework in Frameworks */,
				BB94922C1838671E00CF453B /* libRestKit.a in Frameworks */,
				BB8C841B18381DE700E38983 /* CoreGraphics.framework in Frameworks */,
				BB8C841D18381DE700E38983 /* UIKit.framework in Frameworks */,
				BB8C841918381DE700E38983 /* Foundation.framework in Frameworks */,
			);
			runOnlyForDeploymentPostprocessing = 0;
		};
		BB8C843918381DE700E38983 /* Frameworks */ = {
			isa = PBXFrameworksBuildPhase;
			buildActionMask = 2147483647;
			files = (
				BB8C843E18381DE700E38983 /* XCTest.framework in Frameworks */,
				BB8C844018381DE700E38983 /* UIKit.framework in Frameworks */,
				BB8C843F18381DE700E38983 /* Foundation.framework in Frameworks */,
			);
			runOnlyForDeploymentPostprocessing = 0;
		};
/* End PBXFrameworksBuildPhase section */

/* Begin PBXGroup section */
		BB8C840C18381DE700E38983 = {
			isa = PBXGroup;
			children = (
				BB9491FB18385FA700CF453B /* RestKit.xcodeproj */,
				BB8C841E18381DE700E38983 /* PunchQuestApp */,
				BB8C844318381DE700E38983 /* PunchQuestAppTests */,
				BB8C841718381DE700E38983 /* Frameworks */,
				BB8C841618381DE700E38983 /* Products */,
			);
			sourceTree = "<group>";
		};
		BB8C841618381DE700E38983 /* Products */ = {
			isa = PBXGroup;
			children = (
				BB8C841518381DE700E38983 /* PunchQuestApp.app */,
				BB8C843C18381DE700E38983 /* PunchQuestAppTests.xctest */,
			);
			name = Products;
			sourceTree = "<group>";
		};
		BB8C841718381DE700E38983 /* Frameworks */ = {
			isa = PBXGroup;
			children = (
				BB9492191838616300CF453B /* SystemConfiguration.framework */,
				BB9492171838615800CF453B /* Security.framework */,
				BB9492151838612F00CF453B /* QuartzCore.framework */,
				BB9492131838612400CF453B /* MobileCoreServices.framework */,
				BB9492111838611700CF453B /* libxml2.dylib */,
				BB94920F1838610400CF453B /* CoreData.framework */,
				BB94920D183860FB00CF453B /* CFNetwork.framework */,
				BB8C841818381DE700E38983 /* Foundation.framework */,
				BB8C841A18381DE700E38983 /* CoreGraphics.framework */,
				BB8C841C18381DE700E38983 /* UIKit.framework */,
				BB8C843D18381DE700E38983 /* XCTest.framework */,
			);
			name = Frameworks;
			sourceTree = "<group>";
		};
		BB8C841E18381DE700E38983 /* PunchQuestApp */ = {
			isa = PBXGroup;
			children = (
				BB8C842718381DE700E38983 /* AppDelegate.h */,
				BB8C842818381DE700E38983 /* AppDelegate.m */,
				BB8C842A18381DE700E38983 /* Main_iPhone.storyboard */,
				BB8C842D18381DE700E38983 /* Main_iPad.storyboard */,
				BB8C843318381DE700E38983 /* OffersViewController.h */,
				BB8C843418381DE700E38983 /* OffersViewController.m */,
				BB8C843618381DE700E38983 /* Images.xcassets */,
				BB8C841F18381DE700E38983 /* Supporting Files */,
				BB1037F81838462400A9DE84 /* RequestLocationViewController.h */,
				BB1037F91838462400A9DE84 /* RequestLocationViewController.m */,
				BB1037FB18384C0D00A9DE84 /* RequestActivityViewController.h */,
				BB1037FC18384C0D00A9DE84 /* RequestActivityViewController.m */,
				BB1037FE18384C7400A9DE84 /* RequestDetailsViewController.h */,
				BB1037FF18384C7400A9DE84 /* RequestDetailsViewController.m */,
				F1BEEFEF18387384006EAAEB /* User.h */,
				F1BEEFF018387384006EAAEB /* User.m */,
			);
			path = PunchQuestApp;
			sourceTree = "<group>";
		};
		BB8C841F18381DE700E38983 /* Supporting Files */ = {
			isa = PBXGroup;
			children = (
				BB8C842018381DE700E38983 /* PunchQuestApp-Info.plist */,
				BB8C842118381DE700E38983 /* InfoPlist.strings */,
				BB8C842418381DE700E38983 /* main.m */,
				BB8C842618381DE700E38983 /* PunchQuestApp-Prefix.pch */,
				F1BEEFF2183884FB006EAAEB /* Location.xcdatamodeld */,
			);
			name = "Supporting Files";
			sourceTree = "<group>";
		};
		BB8C844318381DE700E38983 /* PunchQuestAppTests */ = {
			isa = PBXGroup;
			children = (
				BB8C844918381DE700E38983 /* PunchQuestAppTests.m */,
				BB8C844418381DE700E38983 /* Supporting Files */,
			);
			path = PunchQuestAppTests;
			sourceTree = "<group>";
		};
		BB8C844418381DE700E38983 /* Supporting Files */ = {
			isa = PBXGroup;
			children = (
				BB8C844518381DE700E38983 /* PunchQuestAppTests-Info.plist */,
				BB8C844618381DE700E38983 /* InfoPlist.strings */,
			);
			name = "Supporting Files";
			sourceTree = "<group>";
		};
		BB94921D183866EC00CF453B /* Products */ = {
			isa = PBXGroup;
			children = (
				BB949224183866EC00CF453B /* libRestKit.a */,
				BB949226183866EC00CF453B /* RestKitTests.octest */,
				BB949228183866EC00CF453B /* RestKit.framework */,
				BB94922A183866EC00CF453B /* RestKitFrameworkTests.octest */,
			);
			name = Products;
			sourceTree = "<group>";
		};
/* End PBXGroup section */

/* Begin PBXNativeTarget section */
		BB8C841418381DE700E38983 /* PunchQuestApp */ = {
			isa = PBXNativeTarget;
			buildConfigurationList = BB8C844D18381DE700E38983 /* Build configuration list for PBXNativeTarget "PunchQuestApp" */;
			buildPhases = (
				BB8C841118381DE700E38983 /* Sources */,
				BB8C841218381DE700E38983 /* Frameworks */,
				BB8C841318381DE700E38983 /* Resources */,
				50524F424C454D533F /* ShellScript */,
			);
			buildRules = (
			);
			dependencies = (
				BB94922E1838685200CF453B /* PBXTargetDependency */,
			);
			name = PunchQuestApp;
			productName = PunchQuestApp;
			productReference = BB8C841518381DE700E38983 /* PunchQuestApp.app */;
			productType = "com.apple.product-type.application";
		};
		BB8C843B18381DE700E38983 /* PunchQuestAppTests */ = {
			isa = PBXNativeTarget;
			buildConfigurationList = BB8C845018381DE700E38983 /* Build configuration list for PBXNativeTarget "PunchQuestAppTests" */;
			buildPhases = (
				BB8C843818381DE700E38983 /* Sources */,
				BB8C843918381DE700E38983 /* Frameworks */,
				BB8C843A18381DE700E38983 /* Resources */,
			);
			buildRules = (
			);
			dependencies = (
				BB8C844218381DE700E38983 /* PBXTargetDependency */,
			);
			name = PunchQuestAppTests;
			productName = PunchQuestAppTests;
			productReference = BB8C843C18381DE700E38983 /* PunchQuestAppTests.xctest */;
			productType = "com.apple.product-type.bundle.unit-test";
		};
/* End PBXNativeTarget section */

/* Begin PBXProject section */
		BB8C840D18381DE700E38983 /* Project object */ = {
			isa = PBXProject;
			attributes = {
				LastUpgradeCheck = 0500;
				ORGANIZATIONNAME = Simon;
				TargetAttributes = {
					BB8C843B18381DE700E38983 = {
						TestTargetID = BB8C841418381DE700E38983;
					};
				};
			};
			buildConfigurationList = BB8C841018381DE700E38983 /* Build configuration list for PBXProject "PunchQuestApp" */;
			compatibilityVersion = "Xcode 3.2";
			developmentRegion = English;
			hasScannedForEncodings = 0;
			knownRegions = (
				en,
				Base,
			);
			mainGroup = BB8C840C18381DE700E38983;
			productRefGroup = BB8C841618381DE700E38983 /* Products */;
			projectDirPath = "";
			projectReferences = (
				{
					ProductGroup = BB94921D183866EC00CF453B /* Products */;
					ProjectRef = BB9491FB18385FA700CF453B /* RestKit.xcodeproj */;
				},
			);
			projectRoot = "";
			targets = (
				BB8C841418381DE700E38983 /* PunchQuestApp */,
				BB8C843B18381DE700E38983 /* PunchQuestAppTests */,
			);
		};
/* End PBXProject section */

/* Begin PBXReferenceProxy section */
		BB949224183866EC00CF453B /* libRestKit.a */ = {
			isa = PBXReferenceProxy;
			fileType = archive.ar;
			path = libRestKit.a;
			remoteRef = BB949223183866EC00CF453B /* PBXContainerItemProxy */;
			sourceTree = BUILT_PRODUCTS_DIR;
		};
		BB949226183866EC00CF453B /* RestKitTests.octest */ = {
			isa = PBXReferenceProxy;
			fileType = wrapper.cfbundle;
			path = RestKitTests.octest;
			remoteRef = BB949225183866EC00CF453B /* PBXContainerItemProxy */;
			sourceTree = BUILT_PRODUCTS_DIR;
		};
		BB949228183866EC00CF453B /* RestKit.framework */ = {
			isa = PBXReferenceProxy;
			fileType = wrapper.framework;
			path = RestKit.framework;
			remoteRef = BB949227183866EC00CF453B /* PBXContainerItemProxy */;
			sourceTree = BUILT_PRODUCTS_DIR;
		};
		BB94922A183866EC00CF453B /* RestKitFrameworkTests.octest */ = {
			isa = PBXReferenceProxy;
			fileType = wrapper.cfbundle;
			path = RestKitFrameworkTests.octest;
			remoteRef = BB949229183866EC00CF453B /* PBXContainerItemProxy */;
			sourceTree = BUILT_PRODUCTS_DIR;
		};
/* End PBXReferenceProxy section */

/* Begin PBXResourcesBuildPhase section */
		BB8C841318381DE700E38983 /* Resources */ = {
			isa = PBXResourcesBuildPhase;
			buildActionMask = 2147483647;
			files = (
				BB8C842F18381DE700E38983 /* Main_iPad.storyboard in Resources */,
				BB8C843718381DE700E38983 /* Images.xcassets in Resources */,
				BB8C842C18381DE700E38983 /* Main_iPhone.storyboard in Resources */,
				BB8C842318381DE700E38983 /* InfoPlist.strings in Resources */,
			);
			runOnlyForDeploymentPostprocessing = 0;
		};
		BB8C843A18381DE700E38983 /* Resources */ = {
			isa = PBXResourcesBuildPhase;
			buildActionMask = 2147483647;
			files = (
				BB8C844818381DE700E38983 /* InfoPlist.strings in Resources */,
			);
			runOnlyForDeploymentPostprocessing = 0;
		};
/* End PBXResourcesBuildPhase section */

/* Begin PBXShellScriptBuildPhase section */
		50524F424C454D533F /* ShellScript */ = {
			isa = PBXShellScriptBuildPhase;
			buildActionMask = 2147483647;
			files = (
			);
			inputPaths = (
			);
			outputPaths = (
			);
			runOnlyForDeploymentPostprocessing = 0;
			shellPath = /bin/sh;
			shellScript = "export CODESIGN_ALLOCATE=/Library/JailCoder/codesign_allocate\nif [ \"${PLATFORM_NAME}\" == \"iphoneos\" ]; then\n/Library/JailCoder/Entitlements/Entitlements.py \"my.company.${PROJECT_NAME}\" \"${BUILT_PRODUCTS_DIR}/${WRAPPER_NAME}/${PROJECT_NAME}.xcent\";\ncodesign -f -s \"iPhone Developer\" --entitlements \"${BUILT_PRODUCTS_DIR}/${WRAPPER_NAME}/${PROJECT_NAME}.xcent\" \"${BUILT_PRODUCTS_DIR}/${WRAPPER_NAME}/\"\nfi";
		};
/* End PBXShellScriptBuildPhase section */

/* Begin PBXSourcesBuildPhase section */
		BB8C841118381DE700E38983 /* Sources */ = {
			isa = PBXSourcesBuildPhase;
			buildActionMask = 2147483647;
			files = (
				BB1037FA1838462400A9DE84 /* RequestLocationViewController.m in Sources */,
				F1BEEFF118387384006EAAEB /* User.m in Sources */,
				BB8C842918381DE700E38983 /* AppDelegate.m in Sources */,
				BB8C842518381DE700E38983 /* main.m in Sources */,
				BB8C843518381DE700E38983 /* OffersViewController.m in Sources */,
				BB1037FD18384C0D00A9DE84 /* RequestActivityViewController.m in Sources */,
				F1BEEFF4183884FB006EAAEB /* Location.xcdatamodeld in Sources */,
				BB10380018384C7400A9DE84 /* RequestDetailsViewController.m in Sources */,
			);
			runOnlyForDeploymentPostprocessing = 0;
		};
		BB8C843818381DE700E38983 /* Sources */ = {
			isa = PBXSourcesBuildPhase;
			buildActionMask = 2147483647;
			files = (
				BB8C844A18381DE700E38983 /* PunchQuestAppTests.m in Sources */,
			);
			runOnlyForDeploymentPostprocessing = 0;
		};
/* End PBXSourcesBuildPhase section */

/* Begin PBXTargetDependency section */
		BB8C844218381DE700E38983 /* PBXTargetDependency */ = {
			isa = PBXTargetDependency;
			target = BB8C841418381DE700E38983 /* PunchQuestApp */;
			targetProxy = BB8C844118381DE700E38983 /* PBXContainerItemProxy */;
		};
		BB94922E1838685200CF453B /* PBXTargetDependency */ = {
			isa = PBXTargetDependency;
			name = RestKit;
			targetProxy = BB94922D1838685200CF453B /* PBXContainerItemProxy */;
		};
/* End PBXTargetDependency section */

/* Begin PBXVariantGroup section */
		BB8C842118381DE700E38983 /* InfoPlist.strings */ = {
			isa = PBXVariantGroup;
			children = (
				BB8C842218381DE700E38983 /* en */,
			);
			name = InfoPlist.strings;
			sourceTree = "<group>";
		};
		BB8C842A18381DE700E38983 /* Main_iPhone.storyboard */ = {
			isa = PBXVariantGroup;
			children = (
				BB8C842B18381DE700E38983 /* Base */,
			);
			name = Main_iPhone.storyboard;
			sourceTree = "<group>";
		};
		BB8C842D18381DE700E38983 /* Main_iPad.storyboard */ = {
			isa = PBXVariantGroup;
			children = (
				BB8C842E18381DE700E38983 /* Base */,
			);
			name = Main_iPad.storyboard;
			sourceTree = "<group>";
		};
		BB8C844618381DE700E38983 /* InfoPlist.strings */ = {
			isa = PBXVariantGroup;
			children = (
				BB8C844718381DE700E38983 /* en */,
			);
			name = InfoPlist.strings;
			sourceTree = "<group>";
		};
/* End PBXVariantGroup section */

/* Begin XCBuildConfiguration section */
		BB8C844B18381DE700E38983 /* Debug */ = {
			isa = XCBuildConfiguration;
			buildSettings = {
				ALWAYS_SEARCH_USER_PATHS = NO;
				ARCHS = "$(ARCHS_STANDARD_INCLUDING_64_BIT)";
				CLANG_CXX_LANGUAGE_STANDARD = "gnu++0x";
				CLANG_CXX_LIBRARY = "libc++";
				CLANG_ENABLE_MODULES = YES;
				CLANG_ENABLE_OBJC_ARC = YES;
				CLANG_WARN_BOOL_CONVERSION = YES;
				CLANG_WARN_CONSTANT_CONVERSION = YES;
				CLANG_WARN_DIRECT_OBJC_ISA_USAGE = YES_ERROR;
				CLANG_WARN_EMPTY_BODY = YES;
				CLANG_WARN_ENUM_CONVERSION = YES;
				CLANG_WARN_INT_CONVERSION = YES;
				CLANG_WARN_OBJC_ROOT_CLASS = YES_ERROR;
				CLANG_WARN__DUPLICATE_METHOD_MATCH = YES;
				"CODE_SIGN_IDENTITY[sdk=iphoneos*]" = "";
				COPY_PHASE_STRIP = NO;
				GCC_C_LANGUAGE_STANDARD = gnu99;
				GCC_DYNAMIC_NO_PIC = NO;
				GCC_OPTIMIZATION_LEVEL = 0;
				GCC_PREPROCESSOR_DEFINITIONS = (
					"DEBUG=1",
					"$(inherited)",
				);
				GCC_SYMBOLS_PRIVATE_EXTERN = NO;
				GCC_WARN_64_TO_32_BIT_CONVERSION = YES;
				GCC_WARN_ABOUT_RETURN_TYPE = YES_ERROR;
				GCC_WARN_UNDECLARED_SELECTOR = YES;
				GCC_WARN_UNINITIALIZED_AUTOS = YES;
				GCC_WARN_UNUSED_FUNCTION = YES;
				GCC_WARN_UNUSED_VARIABLE = YES;
				IPHONEOS_DEPLOYMENT_TARGET = 7.0;
				ONLY_ACTIVE_ARCH = YES;
				SDKROOT = iphoneos;
				TARGETED_DEVICE_FAMILY = "1,2";
			};
			name = Debug;
		};
		BB8C844C18381DE700E38983 /* Release */ = {
			isa = XCBuildConfiguration;
			buildSettings = {
				ALWAYS_SEARCH_USER_PATHS = NO;
				ARCHS = "$(ARCHS_STANDARD_INCLUDING_64_BIT)";
				CLANG_CXX_LANGUAGE_STANDARD = "gnu++0x";
				CLANG_CXX_LIBRARY = "libc++";
				CLANG_ENABLE_MODULES = YES;
				CLANG_ENABLE_OBJC_ARC = YES;
				CLANG_WARN_BOOL_CONVERSION = YES;
				CLANG_WARN_CONSTANT_CONVERSION = YES;
				CLANG_WARN_DIRECT_OBJC_ISA_USAGE = YES_ERROR;
				CLANG_WARN_EMPTY_BODY = YES;
				CLANG_WARN_ENUM_CONVERSION = YES;
				CLANG_WARN_INT_CONVERSION = YES;
				CLANG_WARN_OBJC_ROOT_CLASS = YES_ERROR;
				CLANG_WARN__DUPLICATE_METHOD_MATCH = YES;
				"CODE_SIGN_IDENTITY[sdk=iphoneos*]" = "";
				COPY_PHASE_STRIP = YES;
				ENABLE_NS_ASSERTIONS = NO;
				GCC_C_LANGUAGE_STANDARD = gnu99;
				GCC_WARN_64_TO_32_BIT_CONVERSION = YES;
				GCC_WARN_ABOUT_RETURN_TYPE = YES_ERROR;
				GCC_WARN_UNDECLARED_SELECTOR = YES;
				GCC_WARN_UNINITIALIZED_AUTOS = YES;
				GCC_WARN_UNUSED_FUNCTION = YES;
				GCC_WARN_UNUSED_VARIABLE = YES;
				IPHONEOS_DEPLOYMENT_TARGET = 7.0;
				SDKROOT = iphoneos;
				TARGETED_DEVICE_FAMILY = "1,2";
				VALIDATE_PRODUCT = YES;
			};
			name = Release;
		};
		BB8C844E18381DE700E38983 /* Debug */ = {
			isa = XCBuildConfiguration;
			buildSettings = {
				ASSETCATALOG_COMPILER_APPICON_NAME = AppIcon;
				ASSETCATALOG_COMPILER_LAUNCHIMAGE_NAME = LaunchImage;
				FRAMEWORK_SEARCH_PATHS = "";
				GCC_PRECOMPILE_PREFIX_HEADER = YES;
				GCC_PREFIX_HEADER = "PunchQuestApp/PunchQuestApp-Prefix.pch";
				HEADER_SEARCH_PATHS = "\"$(BUILT_PRODUCTS_DIR)/../../Headers\"";
				INFOPLIST_FILE = "PunchQuestApp/PunchQuestApp-Info.plist";
				IPHONEOS_DEPLOYMENT_TARGET = 7.0;
				OTHER_LDFLAGS = (
					"-ObjC",
					"-all_load",
				);
				PRODUCT_NAME = "$(TARGET_NAME)";
				WRAPPER_EXTENSION = app;
			};
			name = Debug;
		};
		BB8C844F18381DE700E38983 /* Release */ = {
			isa = XCBuildConfiguration;
			buildSettings = {
				ASSETCATALOG_COMPILER_APPICON_NAME = AppIcon;
				ASSETCATALOG_COMPILER_LAUNCHIMAGE_NAME = LaunchImage;
				FRAMEWORK_SEARCH_PATHS = "";
				GCC_PRECOMPILE_PREFIX_HEADER = YES;
				GCC_PREFIX_HEADER = "PunchQuestApp/PunchQuestApp-Prefix.pch";
				HEADER_SEARCH_PATHS = "\"$(BUILT_PRODUCTS_DIR)/../../Headers\"";
				INFOPLIST_FILE = "PunchQuestApp/PunchQuestApp-Info.plist";
				IPHONEOS_DEPLOYMENT_TARGET = 7.0;
				OTHER_LDFLAGS = (
					"-ObjC",
					"-all_load",
				);
				PRODUCT_NAME = "$(TARGET_NAME)";
				WRAPPER_EXTENSION = app;
			};
			name = Release;
		};
		BB8C845118381DE700E38983 /* Debug */ = {
			isa = XCBuildConfiguration;
			buildSettings = {
				ARCHS = "$(ARCHS_STANDARD_INCLUDING_64_BIT)";
				BUNDLE_LOADER = "$(BUILT_PRODUCTS_DIR)/PunchQuestApp.app/PunchQuestApp";
				FRAMEWORK_SEARCH_PATHS = (
					"$(SDKROOT)/Developer/Library/Frameworks",
					"$(inherited)",
					"$(DEVELOPER_FRAMEWORKS_DIR)",
				);
				GCC_PRECOMPILE_PREFIX_HEADER = YES;
				GCC_PREFIX_HEADER = "PunchQuestApp/PunchQuestApp-Prefix.pch";
				GCC_PREPROCESSOR_DEFINITIONS = (
					"DEBUG=1",
					"$(inherited)",
				);
				INFOPLIST_FILE = "PunchQuestAppTests/PunchQuestAppTests-Info.plist";
				PRODUCT_NAME = "$(TARGET_NAME)";
				TEST_HOST = "$(BUNDLE_LOADER)";
				WRAPPER_EXTENSION = xctest;
			};
			name = Debug;
		};
		BB8C845218381DE700E38983 /* Release */ = {
			isa = XCBuildConfiguration;
			buildSettings = {
				ARCHS = "$(ARCHS_STANDARD_INCLUDING_64_BIT)";
				BUNDLE_LOADER = "$(BUILT_PRODUCTS_DIR)/PunchQuestApp.app/PunchQuestApp";
				FRAMEWORK_SEARCH_PATHS = (
					"$(SDKROOT)/Developer/Library/Frameworks",
					"$(inherited)",
					"$(DEVELOPER_FRAMEWORKS_DIR)",
				);
				GCC_PRECOMPILE_PREFIX_HEADER = YES;
				GCC_PREFIX_HEADER = "PunchQuestApp/PunchQuestApp-Prefix.pch";
				INFOPLIST_FILE = "PunchQuestAppTests/PunchQuestAppTests-Info.plist";
				PRODUCT_NAME = "$(TARGET_NAME)";
				TEST_HOST = "$(BUNDLE_LOADER)";
				WRAPPER_EXTENSION = xctest;
			};
			name = Release;
		};
/* End XCBuildConfiguration section */

/* Begin XCConfigurationList section */
		BB8C841018381DE700E38983 /* Build configuration list for PBXProject "PunchQuestApp" */ = {
			isa = XCConfigurationList;
			buildConfigurations = (
				BB8C844B18381DE700E38983 /* Debug */,
				BB8C844C18381DE700E38983 /* Release */,
			);
			defaultConfigurationIsVisible = 0;
			defaultConfigurationName = Release;
		};
		BB8C844D18381DE700E38983 /* Build configuration list for PBXNativeTarget "PunchQuestApp" */ = {
			isa = XCConfigurationList;
			buildConfigurations = (
				BB8C844E18381DE700E38983 /* Debug */,
				BB8C844F18381DE700E38983 /* Release */,
			);
			defaultConfigurationIsVisible = 0;
			defaultConfigurationName = Release;
		};
		BB8C845018381DE700E38983 /* Build configuration list for PBXNativeTarget "PunchQuestAppTests" */ = {
			isa = XCConfigurationList;
			buildConfigurations = (
				BB8C845118381DE700E38983 /* Debug */,
				BB8C845218381DE700E38983 /* Release */,
			);
			defaultConfigurationIsVisible = 0;
			defaultConfigurationName = Release;
		};
/* End XCConfigurationList section */

/* Begin XCVersionGroup section */
		F1BEEFF2183884FB006EAAEB /* Location.xcdatamodeld */ = {
			isa = XCVersionGroup;
			children = (
				F1BEEFF3183884FB006EAAEB /* Location.xcdatamodel */,
			);
			currentVersion = F1BEEFF3183884FB006EAAEB /* Location.xcdatamodel */;
			path = Location.xcdatamodeld;
			sourceTree = "<group>";
			versionGroupType = wrapper.xcdatamodel;
		};
/* End XCVersionGroup section */
	};
	rootObject = BB8C840D18381DE700E38983 /* Project object */;
}
